
Microsoft Visual Studio Solution File, Format Version 12.00
Project("{FAE04EC0-301F-11D3-BF4B-00C04F79EFBC}") = "firstHWwithSingleton", "firstHWwithSingleton\firstHWwithSingleton.csproj", "{1497951D-4836-4ADA-AB5B-DC8DAA9EC339}"
EndProject
Global
	GlobalSection(SolutionConfigurationPlatforms) = preSolution
		Debug|Any CPU = Debug|Any CPU
		Release|Any CPU = Release|Any CPU
	EndGlobalSection
	GlobalSection(ProjectConfigurationPlatforms) = postSolution
		{1497951D-4836-4ADA-AB5B-DC8DAA9EC339}.Debug|Any CPU.ActiveCfg = Debug|Any CPU
		{1497951D-4836-4ADA-AB5B-DC8DAA9EC339}.Debug|Any CPU.Build.0 = Debug|Any CPU
		{1497951D-4836-4ADA-AB5B-DC8DAA9EC339}.Release|Any CPU.ActiveCfg = Release|Any CPU
		{1497951D-4836-4ADA-AB5B-DC8DAA9EC339}.Release|Any CPU.Build.0 = Release|Any CPU
	EndGlobalSection
EndGlobal
